
Microsoft Visual Studio Solution File, Format Version 10.00
# Visual Studio 2008
Project("{F184B08F-C81C-45F6-A57F-5ABD9991F28F}") = "NewFeatureTest", "NewFeatureTest\NewFeatureTest.vbproj", "{C7494A17-B283-4D66-9E38-D3D3464C8637}"
EndProject
Project("{F184B08F-C81C-45F6-A57F-5ABD9991F28F}") = "WebApplication1", "WebApplication1\WebApplication1.vbproj", "{4365A366-37B8-4A3D-BAFF-43E0F3FBF1E3}"
EndProject
Project("{F184B08F-C81C-45F6-A57F-5ABD9991F28F}") = "XResource", "XResource\XResource.vbproj", "{E1B6EB3D-CF4B-4B2E-8956-6FD1511A7A51}"
EndProject
Project("{F184B08F-C81C-45F6-A57F-5ABD9991F28F}") = "ResTest", "ResTest\ResTest.vbproj", "{EDF3A0C2-1EFA-44B7-8DF7-AF13722849F9}"
EndProject
Project("{F184B08F-C81C-45F6-A57F-5ABD9991F28F}") = "ResourceManager", "RessourceManager\ResourceManager.vbproj", "{8F240F25-AEFE-4509-A01D-EF8D92B9E9A9}"
EndProject
Project("{F184B08F-C81C-45F6-A57F-5ABD9991F28F}") = "CRSC", "ResLib\CRSC.vbproj", "{A8BEB438-CC00-4C05-A730-18F7D7A4632A}"
EndProject
Project("{54435603-DBB4-11D2-8724-00A0C9A8B90C}") = "XResourceSetup", "XResourceSetup\XResourceSetup.vdproj", "{BAC49265-B087-4510-842B-84841FCAD825}"
EndProject
Global
	GlobalSection(SourceCodeControl) = preSolution
		SccNumberOfProjects = 8
		SccLocalPath0 = .
		SccProjectUniqueName1 = NewFeatureTest\\NewFeatureTest.vbproj
		SccLocalPath1 = .
		SccProjectFilePathRelativizedFromConnection1 = NewFeatureTest\\
		SccProjectUniqueName2 = ResTest\\ResTest.vbproj
		SccLocalPath2 = .
		SccProjectFilePathRelativizedFromConnection2 = ResTest\\
		SccProjectUniqueName3 = WebApplication1\\WebApplication1.vbproj
		SccLocalPath3 = .
		SccProjectFilePathRelativizedFromConnection3 = WebApplication1\\
		SccProjectUniqueName4 = XResource\\XResource.vbproj
		SccLocalPath4 = .
		SccProjectFilePathRelativizedFromConnection4 = XResource\\
		SccProjectUniqueName5 = ResLib\\CRSC.vbproj
		SccLocalPath5 = .
		SccProjectFilePathRelativizedFromConnection5 = ResLib\\
		SccProjectUniqueName6 = RessourceManager\\ResourceManager.vbproj
		SccLocalPath6 = .
		SccProjectFilePathRelativizedFromConnection6 = RessourceManager\\
		SccProjectUniqueName7 = XResourceSetup\\XResourceSetup.vdproj
		SccLocalPath7 = .
		SccProjectFilePathRelativizedFromConnection7 = XResourceSetup\\
	EndGlobalSection
	GlobalSection(SolutionConfigurationPlatforms) = preSolution
		Debug|Any CPU = Debug|Any CPU
		Release|Any CPU = Release|Any CPU
	EndGlobalSection
	GlobalSection(ProjectConfigurationPlatforms) = postSolution
		{C7494A17-B283-4D66-9E38-D3D3464C8637}.Debug|Any CPU.ActiveCfg = Debug|Any CPU
		{C7494A17-B283-4D66-9E38-D3D3464C8637}.Debug|Any CPU.Build.0 = Debug|Any CPU
		{C7494A17-B283-4D66-9E38-D3D3464C8637}.Release|Any CPU.ActiveCfg = Release|Any CPU
		{C7494A17-B283-4D66-9E38-D3D3464C8637}.Release|Any CPU.Build.0 = Release|Any CPU
		{4365A366-37B8-4A3D-BAFF-43E0F3FBF1E3}.Debug|Any CPU.ActiveCfg = Debug|Any CPU
		{4365A366-37B8-4A3D-BAFF-43E0F3FBF1E3}.Debug|Any CPU.Build.0 = Debug|Any CPU
		{4365A366-37B8-4A3D-BAFF-43E0F3FBF1E3}.Release|Any CPU.ActiveCfg = Release|Any CPU
		{4365A366-37B8-4A3D-BAFF-43E0F3FBF1E3}.Release|Any CPU.Build.0 = Release|Any CPU
		{E1B6EB3D-CF4B-4B2E-8956-6FD1511A7A51}.Debug|Any CPU.ActiveCfg = Debug|Any CPU
		{E1B6EB3D-CF4B-4B2E-8956-6FD1511A7A51}.Debug|Any CPU.Build.0 = Debug|Any CPU
		{E1B6EB3D-CF4B-4B2E-8956-6FD1511A7A51}.Release|Any CPU.ActiveCfg = Release|Any CPU
		{E1B6EB3D-CF4B-4B2E-8956-6FD1511A7A51}.Release|Any CPU.Build.0 = Release|Any CPU
		{EDF3A0C2-1EFA-44B7-8DF7-AF13722849F9}.Debug|Any CPU.ActiveCfg = Debug|Any CPU
		{EDF3A0C2-1EFA-44B7-8DF7-AF13722849F9}.Debug|Any CPU.Build.0 = Debug|Any CPU
		{EDF3A0C2-1EFA-44B7-8DF7-AF13722849F9}.Release|Any CPU.ActiveCfg = Release|Any CPU
		{EDF3A0C2-1EFA-44B7-8DF7-AF13722849F9}.Release|Any CPU.Build.0 = Release|Any CPU
		{8F240F25-AEFE-4509-A01D-EF8D92B9E9A9}.Debug|Any CPU.ActiveCfg = Debug|Any CPU
		{8F240F25-AEFE-4509-A01D-EF8D92B9E9A9}.Debug|Any CPU.Build.0 = Debug|Any CPU
		{8F240F25-AEFE-4509-A01D-EF8D92B9E9A9}.Release|Any CPU.ActiveCfg = Release|Any CPU
		{8F240F25-AEFE-4509-A01D-EF8D92B9E9A9}.Release|Any CPU.Build.0 = Release|Any CPU
		{A8BEB438-CC00-4C05-A730-18F7D7A4632A}.Debug|Any CPU.ActiveCfg = Debug|Any CPU
		{A8BEB438-CC00-4C05-A730-18F7D7A4632A}.Debug|Any CPU.Build.0 = Debug|Any CPU
		{A8BEB438-CC00-4C05-A730-18F7D7A4632A}.Release|Any CPU.ActiveCfg = Release|Any CPU
		{A8BEB438-CC00-4C05-A730-18F7D7A4632A}.Release|Any CPU.Build.0 = Release|Any CPU
		{BAC49265-B087-4510-842B-84841FCAD825}.Debug|Any CPU.ActiveCfg = Debug
		{BAC49265-B087-4510-842B-84841FCAD825}.Release|Any CPU.ActiveCfg = Release
	EndGlobalSection
	GlobalSection(SolutionProperties) = preSolution
		HideSolutionNode = FALSE
	EndGlobalSection
EndGlobal
